
Microsoft Visual Studio Solution File, Format Version 12.00
# Visual Studio Version 17
VisualStudioVersion = 17.2.32602.215
MinimumVisualStudioVersion = 10.0.40219.1
Project("{9A19103F-16F7-4668-BE54-9A1E7A4F7556}") = "Hospitall.Domain", "Hospitall.Domain\Hospitall.Domain.csproj", "{4782A2CF-5272-4253-8079-135D3703EA0E}"
EndProject
Project("{9A19103F-16F7-4668-BE54-9A1E7A4F7556}") = "Hospitall.Data", "Hospitall.Data\Hospitall.Data.csproj", "{52A28458-6DAE-4926-B685-EDD7299BAE99}"
EndProject
Project("{9A19103F-16F7-4668-BE54-9A1E7A4F7556}") = "Hospitall.Service", "Hospitall.Service\Hospitall.Service.csproj", "{240D8FC9-F8FE-4E6D-BF0E-D9ADA7433E50}"
EndProject
Project("{FAE04EC0-301F-11D3-BF4B-00C04F79EFBC}") = "Hospitall.Console", "Hospitall.Console\Hospitall.Console.csproj", "{FE1AD6AE-D05E-4A14-AA33-27A657CA997F}"
EndProject
Global
	GlobalSection(SolutionConfigurationPlatforms) = preSolution
		Debug|Any CPU = Debug|Any CPU
		Release|Any CPU = Release|Any CPU
	EndGlobalSection
	GlobalSection(ProjectConfigurationPlatforms) = postSolution
		{4782A2CF-5272-4253-8079-135D3703EA0E}.Debug|Any CPU.ActiveCfg = Debug|Any CPU
		{4782A2CF-5272-4253-8079-135D3703EA0E}.Debug|Any CPU.Build.0 = Debug|Any CPU
		{4782A2CF-5272-4253-8079-135D3703EA0E}.Release|Any CPU.ActiveCfg = Release|Any CPU
		{4782A2CF-5272-4253-8079-135D3703EA0E}.Release|Any CPU.Build.0 = Release|Any CPU
		{52A28458-6DAE-4926-B685-EDD7299BAE99}.Debug|Any CPU.ActiveCfg = Debug|Any CPU
		{52A28458-6DAE-4926-B685-EDD7299BAE99}.Debug|Any CPU.Build.0 = Debug|Any CPU
		{52A28458-6DAE-4926-B685-EDD7299BAE99}.Release|Any CPU.ActiveCfg = Release|Any CPU
		{52A28458-6DAE-4926-B685-EDD7299BAE99}.Release|Any CPU.Build.0 = Release|Any CPU
		{240D8FC9-F8FE-4E6D-BF0E-D9ADA7433E50}.Debug|Any CPU.ActiveCfg = Debug|Any CPU
		{240D8FC9-F8FE-4E6D-BF0E-D9ADA7433E50}.Debug|Any CPU.Build.0 = Debug|Any CPU
		{240D8FC9-F8FE-4E6D-BF0E-D9ADA7433E50}.Release|Any CPU.ActiveCfg = Release|Any CPU
		{240D8FC9-F8FE-4E6D-BF0E-D9ADA7433E50}.Release|Any CPU.Build.0 = Release|Any CPU
		{FE1AD6AE-D05E-4A14-AA33-27A657CA997F}.Debug|Any CPU.ActiveCfg = Debug|Any CPU
		{FE1AD6AE-D05E-4A14-AA33-27A657CA997F}.Debug|Any CPU.Build.0 = Debug|Any CPU
		{FE1AD6AE-D05E-4A14-AA33-27A657CA997F}.Release|Any CPU.ActiveCfg = Release|Any CPU
		{FE1AD6AE-D05E-4A14-AA33-27A657CA997F}.Release|Any CPU.Build.0 = Release|Any CPU
	EndGlobalSection
	GlobalSection(SolutionProperties) = preSolution
		HideSolutionNode = FALSE
	EndGlobalSection
	GlobalSection(ExtensibilityGlobals) = postSolution
		SolutionGuid = {C676242E-8005-406E-A0BA-140286730BDE}
	EndGlobalSection
EndGlobal
